
Microsoft Visual Studio Solution File, Format Version 12.00
# Visual Studio Version 16
VisualStudioVersion = 16.0.31112.23
MinimumVisualStudioVersion = 10.0.40219.1
Project("{FAE04EC0-301F-11D3-BF4B-00C04F79EFBC}") = "PhotoDairy", "PhotoDairy.csproj", "{45A27EFD-75C8-4CB9-A601-0376AEDADCD8}"
EndProject
Global
	GlobalSection(SolutionConfigurationPlatforms) = preSolution
		Debug|Any CPU = Debug|Any CPU
		Release|Any CPU = Release|Any CPU
	EndGlobalSection
	GlobalSection(ProjectConfigurationPlatforms) = postSolution
		{45A27EFD-75C8-4CB9-A601-0376AEDADCD8}.Debug|Any CPU.ActiveCfg = Debug|Any CPU
		{45A27EFD-75C8-4CB9-A601-0376AEDADCD8}.Debug|Any CPU.Build.0 = Debug|Any CPU
		{45A27EFD-75C8-4CB9-A601-0376AEDADCD8}.Release|Any CPU.ActiveCfg = Release|Any CPU
		{45A27EFD-75C8-4CB9-A601-0376AEDADCD8}.Release|Any CPU.Build.0 = Release|Any CPU
	EndGlobalSection
	GlobalSection(SolutionProperties) = preSolution
		HideSolutionNode = FALSE
	EndGlobalSection
	GlobalSection(ExtensibilityGlobals) = postSolution
		SolutionGuid = {1A0ED41E-664C-44B4-BE75-C3B354611575}
	EndGlobalSection
EndGlobal
